// !$*UTF8*$!
{
	archiveVersion = 1;
	classes = {
	};
	objectVersion = 48;
	objects = {

/* Begin PBXBuildFile section */
		B44082AB206B3DC300CF6E5B /* AuthService.swift in Sources */ = {isa = PBXBuildFile; fileRef = B44082AA206B3DC300CF6E5B /* AuthService.swift */; };
		B4A86184203EA38200C6AC0B /* AppDelegate.swift in Sources */ = {isa = PBXBuildFile; fileRef = B4A86183203EA38200C6AC0B /* AppDelegate.swift */; };
		B4A86189203EA38200C6AC0B /* Main.storyboard in Resources */ = {isa = PBXBuildFile; fileRef = B4A86187203EA38200C6AC0B /* Main.storyboard */; };
		B4A8618B203EA38200C6AC0B /* Assets.xcassets in Resources */ = {isa = PBXBuildFile; fileRef = B4A8618A203EA38200C6AC0B /* Assets.xcassets */; };
		B4A8618E203EA38200C6AC0B /* LaunchScreen.storyboard in Resources */ = {isa = PBXBuildFile; fileRef = B4A8618C203EA38200C6AC0B /* LaunchScreen.storyboard */; };
		B4A9398120413C9900D56C90 /* Constants.swift in Sources */ = {isa = PBXBuildFile; fileRef = B4A9398020413C9900D56C90 /* Constants.swift */; };
		B4A93983204142A800D56C90 /* LoginVC.swift in Sources */ = {isa = PBXBuildFile; fileRef = B4A93982204142A800D56C90 /* LoginVC.swift */; };
		B4A939852041469B00D56C90 /* CreateAccountVC.swift in Sources */ = {isa = PBXBuildFile; fileRef = B4A939842041469B00D56C90 /* CreateAccountVC.swift */; };
		B4D735EE203EAE4D00CB0115 /* SWRevealViewController.m in Sources */ = {isa = PBXBuildFile; fileRef = B4D735ED203EAE4D00CB0115 /* SWRevealViewController.m */; };
		B4D735F3203FF05500CB0115 /* ChatVC.swift in Sources */ = {isa = PBXBuildFile; fileRef = B4D735F2203FF05500CB0115 /* ChatVC.swift */; };
		B4D735F5203FF06100CB0115 /* ChannelVC.swift in Sources */ = {isa = PBXBuildFile; fileRef = B4D735F4203FF06100CB0115 /* ChannelVC.swift */; };
		B4D735F720412C5800CB0115 /* GradientView.swift in Sources */ = {isa = PBXBuildFile; fileRef = B4D735F620412C5800CB0115 /* GradientView.swift */; };
		C5425FDC5C6509ED2251CD40 /* Pods_Smack.framework in Frameworks */ = {isa = PBXBuildFile; fileRef = 959FE61199421FF92F859F72 /* Pods_Smack.framework */; };
/* End PBXBuildFile section */

/* Begin PBXFileReference section */
		0B4F51F6DF380EC97F2EF146 /* Pods-Smack.release.xcconfig */ = {isa = PBXFileReference; includeInIndex = 1; lastKnownFileType = text.xcconfig; name = "Pods-Smack.release.xcconfig"; path = "Pods/Target Support Files/Pods-Smack/Pods-Smack.release.xcconfig"; sourceTree = "<group>"; };
		6FC7CEBB49D8630BDEC4DA31 /* Pods-Smack.debug.xcconfig */ = {isa = PBXFileReference; includeInIndex = 1; lastKnownFileType = text.xcconfig; name = "Pods-Smack.debug.xcconfig"; path = "Pods/Target Support Files/Pods-Smack/Pods-Smack.debug.xcconfig"; sourceTree = "<group>"; };
		959FE61199421FF92F859F72 /* Pods_Smack.framework */ = {isa = PBXFileReference; explicitFileType = wrapper.framework; includeInIndex = 0; path = Pods_Smack.framework; sourceTree = BUILT_PRODUCTS_DIR; };
		B44082AA206B3DC300CF6E5B /* AuthService.swift */ = {isa = PBXFileReference; lastKnownFileType = sourcecode.swift; path = AuthService.swift; sourceTree = "<group>"; };
		B4A86180203EA38200C6AC0B /* Smack.app */ = {isa = PBXFileReference; explicitFileType = wrapper.application; includeInIndex = 0; path = Smack.app; sourceTree = BUILT_PRODUCTS_DIR; };
		B4A86183203EA38200C6AC0B /* AppDelegate.swift */ = {isa = PBXFileReference; lastKnownFileType = sourcecode.swift; path = AppDelegate.swift; sourceTree = "<group>"; };
		B4A86188203EA38200C6AC0B /* Base */ = {isa = PBXFileReference; lastKnownFileType = file.storyboard; name = Base; path = Base.lproj/Main.storyboard; sourceTree = "<group>"; };
		B4A8618A203EA38200C6AC0B /* Assets.xcassets */ = {isa = PBXFileReference; lastKnownFileType = folder.assetcatalog; path = Assets.xcassets; sourceTree = "<group>"; };
		B4A8618D203EA38200C6AC0B /* Base */ = {isa = PBXFileReference; lastKnownFileType = file.storyboard; name = Base; path = Base.lproj/LaunchScreen.storyboard; sourceTree = "<group>"; };
		B4A8618F203EA38200C6AC0B /* Info.plist */ = {isa = PBXFileReference; lastKnownFileType = text.plist.xml; path = Info.plist; sourceTree = "<group>"; };
		B4A9398020413C9900D56C90 /* Constants.swift */ = {isa = PBXFileReference; lastKnownFileType = sourcecode.swift; path = Constants.swift; sourceTree = "<group>"; };
		B4A93982204142A800D56C90 /* LoginVC.swift */ = {isa = PBXFileReference; lastKnownFileType = sourcecode.swift; path = LoginVC.swift; sourceTree = "<group>"; };
		B4A939842041469B00D56C90 /* CreateAccountVC.swift */ = {isa = PBXFileReference; lastKnownFileType = sourcecode.swift; path = CreateAccountVC.swift; sourceTree = "<group>"; };
		B4D735EB203EAE4C00CB0115 /* Smack-Bridging-Header.h */ = {isa = PBXFileReference; lastKnownFileType = sourcecode.c.h; path = "Smack-Bridging-Header.h"; sourceTree = "<group>"; };
		B4D735EC203EAE4D00CB0115 /* SWRevealViewController.h */ = {isa = PBXFileReference; fileEncoding = 4; lastKnownFileType = sourcecode.c.h; path = SWRevealViewController.h; sourceTree = "<group>"; };
		B4D735ED203EAE4D00CB0115 /* SWRevealViewController.m */ = {isa = PBXFileReference; fileEncoding = 4; lastKnownFileType = sourcecode.c.objc; path = SWRevealViewController.m; sourceTree = "<group>"; };
		B4D735F2203FF05500CB0115 /* ChatVC.swift */ = {isa = PBXFileReference; lastKnownFileType = sourcecode.swift; path = ChatVC.swift; sourceTree = "<group>"; };
		B4D735F4203FF06100CB0115 /* ChannelVC.swift */ = {isa = PBXFileReference; lastKnownFileType = sourcecode.swift; path = ChannelVC.swift; sourceTree = "<group>"; };
		B4D735F620412C5800CB0115 /* GradientView.swift */ = {isa = PBXFileReference; lastKnownFileType = sourcecode.swift; path = GradientView.swift; sourceTree = "<group>"; };
/* End PBXFileReference section */

/* Begin PBXFrameworksBuildPhase section */
		B4A8617D203EA38200C6AC0B /* Frameworks */ = {
			isa = PBXFrameworksBuildPhase;
			buildActionMask = 2147483647;
			files = (
				C5425FDC5C6509ED2251CD40 /* Pods_Smack.framework in Frameworks */,
			);
			runOnlyForDeploymentPostprocessing = 0;
		};
/* End PBXFrameworksBuildPhase section */

/* Begin PBXGroup section */
		284E990DEFAF36A99F0DD095 /* Frameworks */ = {
			isa = PBXGroup;
			children = (
				959FE61199421FF92F859F72 /* Pods_Smack.framework */,
			);
			name = Frameworks;
			sourceTree = "<group>";
		};
		B44082A9206B3DB200CF6E5B /* Services */ = {
			isa = PBXGroup;
			children = (
				B44082AA206B3DC300CF6E5B /* AuthService.swift */,
			);
			path = Services;
			sourceTree = "<group>";
		};
		B4A86177203EA38200C6AC0B = {
			isa = PBXGroup;
			children = (
				B4A86182203EA38200C6AC0B /* Smack */,
				B4A86181203EA38200C6AC0B /* Products */,
				DC5ABA6D9D7BC4141AD0D954 /* Pods */,
				284E990DEFAF36A99F0DD095 /* Frameworks */,
			);
			sourceTree = "<group>";
		};
		B4A86181203EA38200C6AC0B /* Products */ = {
			isa = PBXGroup;
			children = (
				B4A86180203EA38200C6AC0B /* Smack.app */,
			);
			name = Products;
			sourceTree = "<group>";
		};
		B4A86182203EA38200C6AC0B /* Smack */ = {
			isa = PBXGroup;
			children = (
				B44082A9206B3DB200CF6E5B /* Services */,
				B4A9397F20413C8700D56C90 /* Utilities */,
				B4D735F1203FF03E00CB0115 /* Model */,
				B4D735F0203FF03A00CB0115 /* View */,
				B4D735EF203FF02E00CB0115 /* Controller */,
				B4D735EA203EAE3200CB0115 /* Supporting Files */,
				B4A86183203EA38200C6AC0B /* AppDelegate.swift */,
				B4A86187203EA38200C6AC0B /* Main.storyboard */,
				B4A8618A203EA38200C6AC0B /* Assets.xcassets */,
				B4A8618C203EA38200C6AC0B /* LaunchScreen.storyboard */,
				B4A8618F203EA38200C6AC0B /* Info.plist */,
			);
			path = Smack;
			sourceTree = "<group>";
		};
		B4A9397F20413C8700D56C90 /* Utilities */ = {
			isa = PBXGroup;
			children = (
				B4A9398020413C9900D56C90 /* Constants.swift */,
			);
			path = Utilities;
			sourceTree = "<group>";
		};
		B4D735EA203EAE3200CB0115 /* Supporting Files */ = {
			isa = PBXGroup;
			children = (
				B4D735EC203EAE4D00CB0115 /* SWRevealViewController.h */,
				B4D735ED203EAE4D00CB0115 /* SWRevealViewController.m */,
				B4D735EB203EAE4C00CB0115 /* Smack-Bridging-Header.h */,
			);
			path = "Supporting Files";
			sourceTree = "<group>";
		};
		B4D735EF203FF02E00CB0115 /* Controller */ = {
			isa = PBXGroup;
			children = (
				B4D735F2203FF05500CB0115 /* ChatVC.swift */,
				B4D735F4203FF06100CB0115 /* ChannelVC.swift */,
				B4A93982204142A800D56C90 /* LoginVC.swift */,
				B4A939842041469B00D56C90 /* CreateAccountVC.swift */,
			);
			path = Controller;
			sourceTree = "<group>";
		};
		B4D735F0203FF03A00CB0115 /* View */ = {
			isa = PBXGroup;
			children = (
				B4D735F620412C5800CB0115 /* GradientView.swift */,
			);
			path = View;
			sourceTree = "<group>";
		};
		B4D735F1203FF03E00CB0115 /* Model */ = {
			isa = PBXGroup;
			children = (
			);
			path = Model;
			sourceTree = "<group>";
		};
		DC5ABA6D9D7BC4141AD0D954 /* Pods */ = {
			isa = PBXGroup;
			children = (
				6FC7CEBB49D8630BDEC4DA31 /* Pods-Smack.debug.xcconfig */,
				0B4F51F6DF380EC97F2EF146 /* Pods-Smack.release.xcconfig */,
			);
			name = Pods;
			sourceTree = "<group>";
		};
/* End PBXGroup section */

/* Begin PBXNativeTarget section */
		B4A8617F203EA38200C6AC0B /* Smack */ = {
			isa = PBXNativeTarget;
			buildConfigurationList = B4A86192203EA38200C6AC0B /* Build configuration list for PBXNativeTarget "Smack" */;
			buildPhases = (
				C4E8481D1E02CCB16B60E008 /* [CP] Check Pods Manifest.lock */,
				B4A8617C203EA38200C6AC0B /* Sources */,
				B4A8617D203EA38200C6AC0B /* Frameworks */,
				B4A8617E203EA38200C6AC0B /* Resources */,
				BC65CDB8F199BA0A3B960FDA /* [CP] Embed Pods Frameworks */,
				2A770102E7010C0BBC3943EF /* [CP] Copy Pods Resources */,
			);
			buildRules = (
			);
			dependencies = (
			);
			name = Smack;
			productName = Smack;
			productReference = B4A86180203EA38200C6AC0B /* Smack.app */;
			productType = "com.apple.product-type.application";
		};
/* End PBXNativeTarget section */

/* Begin PBXProject section */
		B4A86178203EA38200C6AC0B /* Project object */ = {
			isa = PBXProject;
			attributes = {
				LastSwiftUpdateCheck = 0920;
				LastUpgradeCheck = 0920;
				ORGANIZATIONNAME = "Brenno Ribeiro";
				TargetAttributes = {
					B4A8617F203EA38200C6AC0B = {
						CreatedOnToolsVersion = 9.2;
						LastSwiftMigration = 0920;
						ProvisioningStyle = Automatic;
					};
				};
			};
			buildConfigurationList = B4A8617B203EA38200C6AC0B /* Build configuration list for PBXProject "Smack" */;
			compatibilityVersion = "Xcode 8.0";
			developmentRegion = en;
			hasScannedForEncodings = 0;
			knownRegions = (
				en,
				Base,
			);
			mainGroup = B4A86177203EA38200C6AC0B;
			productRefGroup = B4A86181203EA38200C6AC0B /* Products */;
			projectDirPath = "";
			projectRoot = "";
			targets = (
				B4A8617F203EA38200C6AC0B /* Smack */,
			);
		};
/* End PBXProject section */

/* Begin PBXResourcesBuildPhase section */
		B4A8617E203EA38200C6AC0B /* Resources */ = {
			isa = PBXResourcesBuildPhase;
			buildActionMask = 2147483647;
			files = (
				B4A8618E203EA38200C6AC0B /* LaunchScreen.storyboard in Resources */,
				B4A8618B203EA38200C6AC0B /* Assets.xcassets in Resources */,
				B4A86189203EA38200C6AC0B /* Main.storyboard in Resources */,
			);
			runOnlyForDeploymentPostprocessing = 0;
		};
/* End PBXResourcesBuildPhase section */

/* Begin PBXShellScriptBuildPhase section */
		2A770102E7010C0BBC3943EF /* [CP] Copy Pods Resources */ = {
			isa = PBXShellScriptBuildPhase;
			buildActionMask = 2147483647;
			files = (
			);
			inputPaths = (
			);
			name = "[CP] Copy Pods Resources";
			outputPaths = (
			);
			runOnlyForDeploymentPostprocessing = 0;
			shellPath = /bin/sh;
			shellScript = "\"${SRCROOT}/Pods/Target Support Files/Pods-Smack/Pods-Smack-resources.sh\"\n";
			showEnvVarsInLog = 0;
		};
		BC65CDB8F199BA0A3B960FDA /* [CP] Embed Pods Frameworks */ = {
			isa = PBXShellScriptBuildPhase;
			buildActionMask = 2147483647;
			files = (
			);
			inputPaths = (
				"${SRCROOT}/Pods/Target Support Files/Pods-Smack/Pods-Smack-frameworks.sh",
				"${BUILT_PRODUCTS_DIR}/Alamofire/Alamofire.framework",
				"${BUILT_PRODUCTS_DIR}/Socket.IO-Client-Swift/SocketIO.framework",
				"${BUILT_PRODUCTS_DIR}/Starscream/Starscream.framework",
				"${BUILT_PRODUCTS_DIR}/SwiftyJSON/SwiftyJSON.framework",
			);
			name = "[CP] Embed Pods Frameworks";
			outputPaths = (
				"${TARGET_BUILD_DIR}/${FRAMEWORKS_FOLDER_PATH}/Alamofire.framework",
				"${TARGET_BUILD_DIR}/${FRAMEWORKS_FOLDER_PATH}/SocketIO.framework",
				"${TARGET_BUILD_DIR}/${FRAMEWORKS_FOLDER_PATH}/Starscream.framework",
				"${TARGET_BUILD_DIR}/${FRAMEWORKS_FOLDER_PATH}/SwiftyJSON.framework",
			);
			runOnlyForDeploymentPostprocessing = 0;
			shellPath = /bin/sh;
			shellScript = "\"${SRCROOT}/Pods/Target Support Files/Pods-Smack/Pods-Smack-frameworks.sh\"\n";
			showEnvVarsInLog = 0;
		};
		C4E8481D1E02CCB16B60E008 /* [CP] Check Pods Manifest.lock */ = {
			isa = PBXShellScriptBuildPhase;
			buildActionMask = 2147483647;
			files = (
			);
			inputPaths = (
				"${PODS_PODFILE_DIR_PATH}/Podfile.lock",
				"${PODS_ROOT}/Manifest.lock",
			);
			name = "[CP] Check Pods Manifest.lock";
			outputPaths = (
				"$(DERIVED_FILE_DIR)/Pods-Smack-checkManifestLockResult.txt",
			);
			runOnlyForDeploymentPostprocessing = 0;
			shellPath = /bin/sh;
			shellScript = "diff \"${PODS_PODFILE_DIR_PATH}/Podfile.lock\" \"${PODS_ROOT}/Manifest.lock\" > /dev/null\nif [ $? != 0 ] ; then\n    # print error to STDERR\n    echo \"error: The sandbox is not in sync with the Podfile.lock. Run 'pod install' or update your CocoaPods installation.\" >&2\n    exit 1\nfi\n# This output is used by Xcode 'outputs' to avoid re-running this script phase.\necho \"SUCCESS\" > \"${SCRIPT_OUTPUT_FILE_0}\"\n";
			showEnvVarsInLog = 0;
		};
/* End PBXShellScriptBuildPhase section */

/* Begin PBXSourcesBuildPhase section */
		B4A8617C203EA38200C6AC0B /* Sources */ = {
			isa = PBXSourcesBuildPhase;
			buildActionMask = 2147483647;
			files = (
				B4D735F5203FF06100CB0115 /* ChannelVC.swift in Sources */,
				B4D735F3203FF05500CB0115 /* ChatVC.swift in Sources */,
				B4A939852041469B00D56C90 /* CreateAccountVC.swift in Sources */,
				B44082AB206B3DC300CF6E5B /* AuthService.swift in Sources */,
				B4A93983204142A800D56C90 /* LoginVC.swift in Sources */,
				B4D735F720412C5800CB0115 /* GradientView.swift in Sources */,
				B4A86184203EA38200C6AC0B /* AppDelegate.swift in Sources */,
				B4D735EE203EAE4D00CB0115 /* SWRevealViewController.m in Sources */,
				B4A9398120413C9900D56C90 /* Constants.swift in Sources */,
			);
			runOnlyForDeploymentPostprocessing = 0;
		};
/* End PBXSourcesBuildPhase section */

/* Begin PBXVariantGroup section */
		B4A86187203EA38200C6AC0B /* Main.storyboard */ = {
			isa = PBXVariantGroup;
			children = (
				B4A86188203EA38200C6AC0B /* Base */,
			);
			name = Main.storyboard;
			sourceTree = "<group>";
		};
		B4A8618C203EA38200C6AC0B /* LaunchScreen.storyboard */ = {
			isa = PBXVariantGroup;
			children = (
				B4A8618D203EA38200C6AC0B /* Base */,
			);
			name = LaunchScreen.storyboard;
			sourceTree = "<group>";
		};
/* End PBXVariantGroup section */

/* Begin XCBuildConfiguration section */
		B4A86190203EA38200C6AC0B /* Debug */ = {
			isa = XCBuildConfiguration;
			buildSettings = {
				ALWAYS_SEARCH_USER_PATHS = NO;
				CLANG_ANALYZER_NONNULL = YES;
				CLANG_ANALYZER_NUMBER_OBJECT_CONVERSION = YES_AGGRESSIVE;
				CLANG_CXX_LANGUAGE_STANDARD = "gnu++14";
				CLANG_CXX_LIBRARY = "libc++";
				CLANG_ENABLE_MODULES = YES;
				CLANG_ENABLE_OBJC_ARC = YES;
				CLANG_WARN_BLOCK_CAPTURE_AUTORELEASING = YES;
				CLANG_WARN_BOOL_CONVERSION = YES;
				CLANG_WARN_COMMA = YES;
				CLANG_WARN_CONSTANT_CONVERSION = YES;
				CLANG_WARN_DIRECT_OBJC_ISA_USAGE = YES_ERROR;
				CLANG_WARN_DOCUMENTATION_COMMENTS = YES;
				CLANG_WARN_EMPTY_BODY = YES;
				CLANG_WARN_ENUM_CONVERSION = YES;
				CLANG_WARN_INFINITE_RECURSION = YES;
				CLANG_WARN_INT_CONVERSION = YES;
				CLANG_WARN_NON_LITERAL_NULL_CONVERSION = YES;
				CLANG_WARN_OBJC_LITERAL_CONVERSION = YES;
				CLANG_WARN_OBJC_ROOT_CLASS = YES_ERROR;
				CLANG_WARN_RANGE_LOOP_ANALYSIS = YES;
				CLANG_WARN_STRICT_PROTOTYPES = YES;
				CLANG_WARN_SUSPICIOUS_MOVE = YES;
				CLANG_WARN_UNGUARDED_AVAILABILITY = YES_AGGRESSIVE;
				CLANG_WARN_UNREACHABLE_CODE = YES;
				CLANG_WARN__DUPLICATE_METHOD_MATCH = YES;
				CODE_SIGN_IDENTITY = "iPhone Developer";
				COPY_PHASE_STRIP = NO;
				DEBUG_INFORMATION_FORMAT = dwarf;
				ENABLE_STRICT_OBJC_MSGSEND = YES;
				ENABLE_TESTABILITY = YES;
				GCC_C_LANGUAGE_STANDARD = gnu11;
				GCC_DYNAMIC_NO_PIC = NO;
				GCC_NO_COMMON_BLOCKS = YES;
				GCC_OPTIMIZATION_LEVEL = 0;
				GCC_PREPROCESSOR_DEFINITIONS = (
					"DEBUG=1",
					"$(inherited)",
				);
				GCC_WARN_64_TO_32_BIT_CONVERSION = YES;
				GCC_WARN_ABOUT_RETURN_TYPE = YES_ERROR;
				GCC_WARN_UNDECLARED_SELECTOR = YES;
				GCC_WARN_UNINITIALIZED_AUTOS = YES_AGGRESSIVE;
				GCC_WARN_UNUSED_FUNCTION = YES;
				GCC_WARN_UNUSED_VARIABLE = YES;
				IPHONEOS_DEPLOYMENT_TARGET = 11.2;
				MTL_ENABLE_DEBUG_INFO = YES;
				ONLY_ACTIVE_ARCH = YES;
				SDKROOT = iphoneos;
				SWIFT_ACTIVE_COMPILATION_CONDITIONS = DEBUG;
				SWIFT_OPTIMIZATION_LEVEL = "-Onone";
			};
			name = Debug;
		};
		B4A86191203EA38200C6AC0B /* Release */ = {
			isa = XCBuildConfiguration;
			buildSettings = {
				ALWAYS_SEARCH_USER_PATHS = NO;
				CLANG_ANALYZER_NONNULL = YES;
				CLANG_ANALYZER_NUMBER_OBJECT_CONVERSION = YES_AGGRESSIVE;
				CLANG_CXX_LANGUAGE_STANDARD = "gnu++14";
				CLANG_CXX_LIBRARY = "libc++";
				CLANG_ENABLE_MODULES = YES;
				CLANG_ENABLE_OBJC_ARC = YES;
				CLANG_WARN_BLOCK_CAPTURE_AUTORELEASING = YES;
				CLANG_WARN_BOOL_CONVERSION = YES;
				CLANG_WARN_COMMA = YES;
				CLANG_WARN_CONSTANT_CONVERSION = YES;
				CLANG_WARN_DIRECT_OBJC_ISA_USAGE = YES_ERROR;
				CLANG_WARN_DOCUMENTATION_COMMENTS = YES;
				CLANG_WARN_EMPTY_BODY = YES;
				CLANG_WARN_ENUM_CONVERSION = YES;
				CLANG_WARN_INFINITE_RECURSION = YES;
				CLANG_WARN_INT_CONVERSION = YES;
				CLANG_WARN_NON_LITERAL_NULL_CONVERSION = YES;
				CLANG_WARN_OBJC_LITERAL_CONVERSION = YES;
				CLANG_WARN_OBJC_ROOT_CLASS = YES_ERROR;
				CLANG_WARN_RANGE_LOOP_ANALYSIS = YES;
				CLANG_WARN_STRICT_PROTOTYPES = YES;
				CLANG_WARN_SUSPICIOUS_MOVE = YES;
				CLANG_WARN_UNGUARDED_AVAILABILITY = YES_AGGRESSIVE;
				CLANG_WARN_UNREACHABLE_CODE = YES;
				CLANG_WARN__DUPLICATE_METHOD_MATCH = YES;
				CODE_SIGN_IDENTITY = "iPhone Developer";
				COPY_PHASE_STRIP = NO;
				DEBUG_INFORMATION_FORMAT = "dwarf-with-dsym";
				ENABLE_NS_ASSERTIONS = NO;
				ENABLE_STRICT_OBJC_MSGSEND = YES;
				GCC_C_LANGUAGE_STANDARD = gnu11;
				GCC_NO_COMMON_BLOCKS = YES;
				GCC_WARN_64_TO_32_BIT_CONVERSION = YES;
				GCC_WARN_ABOUT_RETURN_TYPE = YES_ERROR;
				GCC_WARN_UNDECLARED_SELECTOR = YES;
				GCC_WARN_UNINITIALIZED_AUTOS = YES_AGGRESSIVE;
				GCC_WARN_UNUSED_FUNCTION = YES;
				GCC_WARN_UNUSED_VARIABLE = YES;
				IPHONEOS_DEPLOYMENT_TARGET = 11.2;
				MTL_ENABLE_DEBUG_INFO = NO;
				SDKROOT = iphoneos;
				SWIFT_OPTIMIZATION_LEVEL = "-Owholemodule";
				VALIDATE_PRODUCT = YES;
			};
			name = Release;
		};
		B4A86193203EA38200C6AC0B /* Debug */ = {
			isa = XCBuildConfiguration;
			baseConfigurationReference = 6FC7CEBB49D8630BDEC4DA31 /* Pods-Smack.debug.xcconfig */;
			buildSettings = {
				ASSETCATALOG_COMPILER_APPICON_NAME = AppIcon;
				CLANG_ENABLE_MODULES = YES;
				CODE_SIGN_STYLE = Automatic;
				INFOPLIST_FILE = Smack/Info.plist;
				LD_RUNPATH_SEARCH_PATHS = "$(inherited) @executable_path/Frameworks";
				PRODUCT_BUNDLE_IDENTIFIER = com.brennoribeiro.Smack;
				PRODUCT_NAME = "$(TARGET_NAME)";
				SWIFT_OBJC_BRIDGING_HEADER = "Smack/Supporting Files/Smack-Bridging-Header.h";
				SWIFT_OPTIMIZATION_LEVEL = "-Onone";
				SWIFT_VERSION = 4.0;
				TARGETED_DEVICE_FAMILY = "1,2";
			};
			name = Debug;
		};
		B4A86194203EA38200C6AC0B /* Release */ = {
			isa = XCBuildConfiguration;
			baseConfigurationReference = 0B4F51F6DF380EC97F2EF146 /* Pods-Smack.release.xcconfig */;
			buildSettings = {
				ASSETCATALOG_COMPILER_APPICON_NAME = AppIcon;
				CLANG_ENABLE_MODULES = YES;
				CODE_SIGN_STYLE = Automatic;
				INFOPLIST_FILE = Smack/Info.plist;
				LD_RUNPATH_SEARCH_PATHS = "$(inherited) @executable_path/Frameworks";
				PRODUCT_BUNDLE_IDENTIFIER = com.brennoribeiro.Smack;
				PRODUCT_NAME = "$(TARGET_NAME)";
				SWIFT_OBJC_BRIDGING_HEADER = "Smack/Supporting Files/Smack-Bridging-Header.h";
				SWIFT_VERSION = 4.0;
				TARGETED_DEVICE_FAMILY = "1,2";
			};
			name = Release;
		};
/* End XCBuildConfiguration section */

/* Begin XCConfigurationList section */
		B4A8617B203EA38200C6AC0B /* Build configuration list for PBXProject "Smack" */ = {
			isa = XCConfigurationList;
			buildConfigurations = (
				B4A86190203EA38200C6AC0B /* Debug */,
				B4A86191203EA38200C6AC0B /* Release */,
			);
			defaultConfigurationIsVisible = 0;
			defaultConfigurationName = Release;
		};
		B4A86192203EA38200C6AC0B /* Build configuration list for PBXNativeTarget "Smack" */ = {
			isa = XCConfigurationList;
			buildConfigurations = (
				B4A86193203EA38200C6AC0B /* Debug */,
				B4A86194203EA38200C6AC0B /* Release */,
			);
			defaultConfigurationIsVisible = 0;
			defaultConfigurationName = Release;
		};
/* End XCConfigurationList section */
	};
	rootObject = B4A86178203EA38200C6AC0B /* Project object */;
}
